
Microsoft Visual Studio Solution File, Format Version 12.00
# Visual Studio Version 16
VisualStudioVersion = 16.0.29230.47
MinimumVisualStudioVersion = 10.0.40219.1
Project("{FAE04EC0-301F-11D3-BF4B-00C04F79EFBC}") = "SelectionSortExamples", "SelectionSortExamples\SelectionSortExamples.csproj", "{EFF812EF-A8BE-4BEB-A588-4A33DD2C119D}"
EndProject
Global
	GlobalSection(SolutionConfigurationPlatforms) = preSolution
		Debug|Any CPU = Debug|Any CPU
		Release|Any CPU = Release|Any CPU
	EndGlobalSection
	GlobalSection(ProjectConfigurationPlatforms) = postSolution
		{EFF812EF-A8BE-4BEB-A588-4A33DD2C119D}.Debug|Any CPU.ActiveCfg = Debug|Any CPU
		{EFF812EF-A8BE-4BEB-A588-4A33DD2C119D}.Debug|Any CPU.Build.0 = Debug|Any CPU
		{EFF812EF-A8BE-4BEB-A588-4A33DD2C119D}.Release|Any CPU.ActiveCfg = Release|Any CPU
		{EFF812EF-A8BE-4BEB-A588-4A33DD2C119D}.Release|Any CPU.Build.0 = Release|Any CPU
	EndGlobalSection
	GlobalSection(SolutionProperties) = preSolution
		HideSolutionNode = FALSE
	EndGlobalSection
	GlobalSection(ExtensibilityGlobals) = postSolution
		SolutionGuid = {52EF38EE-0F59-4A2D-BA9A-D666B52920AD}
	EndGlobalSection
EndGlobal
